
Microsoft Visual Studio Solution File, Format Version 12.00
# Visual Studio Version 17
VisualStudioVersion = 17.12.35514.174 d17.12
MinimumVisualStudioVersion = 10.0.40219.1
Project("{2150E333-8FDC-42A3-9474-1A3956D46DE8}") = "Task0", "Task0", "{1F84DC55-5E95-40CC-B9C6-5AEC180D8963}"
EndProject
Project("{FAE04EC0-301F-11D3-BF4B-00C04F79EFBC}") = "Tyuiu.PasechnikPA1.Sprint2.Task0.V14", "Tyuiu.PasechnikPA1.Sprint2.Task0.V14\Tyuiu.PasechnikPA1.Sprint2.Task0.V14.csproj", "{5B3E502A-1399-44F2-AB44-CDA2145646C3}"
EndProject
Project("{FAE04EC0-301F-11D3-BF4B-00C04F79EFBC}") = "Tyuiu.PasechnikPA1.Sprint2.Task0.V14.Lib", "Tyuiu.PasechnikPA1.Sprint2.Task0.V14.Lib\Tyuiu.PasechnikPA1.Sprint2.Task0.V14.Lib.csproj", "{070FDF67-0856-479D-9636-6F528E8AB7F7}"
EndProject
Project("{FAE04EC0-301F-11D3-BF4B-00C04F79EFBC}") = "Tyuiu.PasechnikPA1.Sprint2.Task0.V14.Test", "Tyuiu.PasechnikPA1.Sprint2.Task0.V14.Test\Tyuiu.PasechnikPA1.Sprint2.Task0.V14.Test.csproj", "{79C161DC-E9E1-4136-9914-0DF6FB95374C}"
EndProject
Project("{2150E333-8FDC-42A3-9474-1A3956D46DE8}") = "Task1", "Task1", "{0103D952-B490-408E-9A7A-242A8A65E6A4}"
EndProject
Project("{FAE04EC0-301F-11D3-BF4B-00C04F79EFBC}") = "Tyuiu.PasechnikPA1.Sprint2.Task1.V6", "Tyuiu.PasechnikPA1.Sprint2.Task1.V6\Tyuiu.PasechnikPA1.Sprint2.Task1.V6.csproj", "{D7D80ACD-715A-45B8-A126-D0E2C33FE4B9}"
EndProject
Project("{FAE04EC0-301F-11D3-BF4B-00C04F79EFBC}") = "Tyuiu.PasechnikPA1.Sprint2.Task1.V6.Lib", "Tyuiu.PasechnikPA1.Sprint2.Task1.V6.Lib\Tyuiu.PasechnikPA1.Sprint2.Task1.V6.Lib.csproj", "{B0B3EFA8-3073-4FDB-A4D9-1C3467CCE6ED}"
EndProject
Project("{FAE04EC0-301F-11D3-BF4B-00C04F79EFBC}") = "Tyuiu.PasechnikPA1.Sprint2.Task1.V6.Test", "Tyuiu.PasechnikPA1.Sprint2.Task1.V6.Test\Tyuiu.PasechnikPA1.Sprint2.Task1.V6.Test.csproj", "{6080EB85-7F8F-4B73-B50B-B234C4635AFB}"
EndProject
Global
	GlobalSection(SolutionConfigurationPlatforms) = preSolution
		Debug|Any CPU = Debug|Any CPU
		Release|Any CPU = Release|Any CPU
	EndGlobalSection
	GlobalSection(ProjectConfigurationPlatforms) = postSolution
		{5B3E502A-1399-44F2-AB44-CDA2145646C3}.Debug|Any CPU.ActiveCfg = Debug|Any CPU
		{5B3E502A-1399-44F2-AB44-CDA2145646C3}.Debug|Any CPU.Build.0 = Debug|Any CPU
		{5B3E502A-1399-44F2-AB44-CDA2145646C3}.Release|Any CPU.ActiveCfg = Release|Any CPU
		{5B3E502A-1399-44F2-AB44-CDA2145646C3}.Release|Any CPU.Build.0 = Release|Any CPU
		{070FDF67-0856-479D-9636-6F528E8AB7F7}.Debug|Any CPU.ActiveCfg = Debug|Any CPU
		{070FDF67-0856-479D-9636-6F528E8AB7F7}.Debug|Any CPU.Build.0 = Debug|Any CPU
		{070FDF67-0856-479D-9636-6F528E8AB7F7}.Release|Any CPU.ActiveCfg = Release|Any CPU
		{070FDF67-0856-479D-9636-6F528E8AB7F7}.Release|Any CPU.Build.0 = Release|Any CPU
		{79C161DC-E9E1-4136-9914-0DF6FB95374C}.Debug|Any CPU.ActiveCfg = Debug|Any CPU
		{79C161DC-E9E1-4136-9914-0DF6FB95374C}.Debug|Any CPU.Build.0 = Debug|Any CPU
		{79C161DC-E9E1-4136-9914-0DF6FB95374C}.Release|Any CPU.ActiveCfg = Release|Any CPU
		{79C161DC-E9E1-4136-9914-0DF6FB95374C}.Release|Any CPU.Build.0 = Release|Any CPU
		{D7D80ACD-715A-45B8-A126-D0E2C33FE4B9}.Debug|Any CPU.ActiveCfg = Debug|Any CPU
		{D7D80ACD-715A-45B8-A126-D0E2C33FE4B9}.Debug|Any CPU.Build.0 = Debug|Any CPU
		{D7D80ACD-715A-45B8-A126-D0E2C33FE4B9}.Release|Any CPU.ActiveCfg = Release|Any CPU
		{D7D80ACD-715A-45B8-A126-D0E2C33FE4B9}.Release|Any CPU.Build.0 = Release|Any CPU
		{B0B3EFA8-3073-4FDB-A4D9-1C3467CCE6ED}.Debug|Any CPU.ActiveCfg = Debug|Any CPU
		{B0B3EFA8-3073-4FDB-A4D9-1C3467CCE6ED}.Debug|Any CPU.Build.0 = Debug|Any CPU
		{B0B3EFA8-3073-4FDB-A4D9-1C3467CCE6ED}.Release|Any CPU.ActiveCfg = Release|Any CPU
		{B0B3EFA8-3073-4FDB-A4D9-1C3467CCE6ED}.Release|Any CPU.Build.0 = Release|Any CPU
		{6080EB85-7F8F-4B73-B50B-B234C4635AFB}.Debug|Any CPU.ActiveCfg = Debug|Any CPU
		{6080EB85-7F8F-4B73-B50B-B234C4635AFB}.Debug|Any CPU.Build.0 = Debug|Any CPU
		{6080EB85-7F8F-4B73-B50B-B234C4635AFB}.Release|Any CPU.ActiveCfg = Release|Any CPU
		{6080EB85-7F8F-4B73-B50B-B234C4635AFB}.Release|Any CPU.Build.0 = Release|Any CPU
	EndGlobalSection
	GlobalSection(SolutionProperties) = preSolution
		HideSolutionNode = FALSE
	EndGlobalSection
	GlobalSection(NestedProjects) = preSolution
		{5B3E502A-1399-44F2-AB44-CDA2145646C3} = {1F84DC55-5E95-40CC-B9C6-5AEC180D8963}
		{070FDF67-0856-479D-9636-6F528E8AB7F7} = {1F84DC55-5E95-40CC-B9C6-5AEC180D8963}
		{79C161DC-E9E1-4136-9914-0DF6FB95374C} = {1F84DC55-5E95-40CC-B9C6-5AEC180D8963}
		{D7D80ACD-715A-45B8-A126-D0E2C33FE4B9} = {0103D952-B490-408E-9A7A-242A8A65E6A4}
		{B0B3EFA8-3073-4FDB-A4D9-1C3467CCE6ED} = {0103D952-B490-408E-9A7A-242A8A65E6A4}
		{6080EB85-7F8F-4B73-B50B-B234C4635AFB} = {0103D952-B490-408E-9A7A-242A8A65E6A4}
	EndGlobalSection
EndGlobal
