
Microsoft Visual Studio Solution File, Format Version 12.00
# Visual Studio Version 17
VisualStudioVersion = 17.12.35514.174
MinimumVisualStudioVersion = 10.0.40219.1
Project("{2150E333-8FDC-42A3-9474-1A3956D46DE8}") = "Task0", "Task0", "{1F84DC55-5E95-40CC-B9C6-5AEC180D8963}"
EndProject
Project("{FAE04EC0-301F-11D3-BF4B-00C04F79EFBC}") = "Tyuiu.PasechnikPA1.Sprint2.Task0.V14", "Tyuiu.PasechnikPA1.Sprint2.Task0.V14\Tyuiu.PasechnikPA1.Sprint2.Task0.V14.csproj", "{5B3E502A-1399-44F2-AB44-CDA2145646C3}"
EndProject
Project("{FAE04EC0-301F-11D3-BF4B-00C04F79EFBC}") = "Tyuiu.PasechnikPA1.Sprint2.Task0.V14.Lib", "Tyuiu.PasechnikPA1.Sprint2.Task0.V14.Lib\Tyuiu.PasechnikPA1.Sprint2.Task0.V14.Lib.csproj", "{070FDF67-0856-479D-9636-6F528E8AB7F7}"
EndProject
Project("{FAE04EC0-301F-11D3-BF4B-00C04F79EFBC}") = "Tyuiu.PasechnikPA1.Sprint2.Task0.V14.Test", "Tyuiu.PasechnikPA1.Sprint2.Task0.V14.Test\Tyuiu.PasechnikPA1.Sprint2.Task0.V14.Test.csproj", "{79C161DC-E9E1-4136-9914-0DF6FB95374C}"
EndProject
Project("{2150E333-8FDC-42A3-9474-1A3956D46DE8}") = "Task1", "Task1", "{0103D952-B490-408E-9A7A-242A8A65E6A4}"
EndProject
Project("{FAE04EC0-301F-11D3-BF4B-00C04F79EFBC}") = "Tyuiu.PasechnikPA1.Sprint2.Task1.V6", "Tyuiu.PasechnikPA1.Sprint2.Task1.V6\Tyuiu.PasechnikPA1.Sprint2.Task1.V6.csproj", "{D7D80ACD-715A-45B8-A126-D0E2C33FE4B9}"
EndProject
Project("{FAE04EC0-301F-11D3-BF4B-00C04F79EFBC}") = "Tyuiu.PasechnikPA1.Sprint2.Task1.V6.Lib", "Tyuiu.PasechnikPA1.Sprint2.Task1.V6.Lib\Tyuiu.PasechnikPA1.Sprint2.Task1.V6.Lib.csproj", "{B0B3EFA8-3073-4FDB-A4D9-1C3467CCE6ED}"
EndProject
Project("{FAE04EC0-301F-11D3-BF4B-00C04F79EFBC}") = "Tyuiu.PasechnikPA1.Sprint2.Task1.V6.Test", "Tyuiu.PasechnikPA1.Sprint2.Task1.V6.Test\Tyuiu.PasechnikPA1.Sprint2.Task1.V6.Test.csproj", "{6080EB85-7F8F-4B73-B50B-B234C4635AFB}"
EndProject
Project("{2150E333-8FDC-42A3-9474-1A3956D46DE8}") = "Task2", "Task2", "{19730438-CD07-43AE-BED3-5069FC89259E}"
EndProject
Project("{FAE04EC0-301F-11D3-BF4B-00C04F79EFBC}") = "Tyuiu.PasechnikPA1.Sprint2.Task2.V21", "Tyuiu.PasechnikPA1.Sprint2.Task2.V21\Tyuiu.PasechnikPA1.Sprint2.Task2.V21.csproj", "{DD80683F-1E5B-4693-AD2E-13DBCBDF631D}"
EndProject
Project("{FAE04EC0-301F-11D3-BF4B-00C04F79EFBC}") = "Tyuiu.PasechnikPA1.Sprint2.Task2.V21.Lib", "Tyuiu.PasechnikPA1.Sprint2.Task2.V21.Lib\Tyuiu.PasechnikPA1.Sprint2.Task2.V21.Lib.csproj", "{89B25A12-BD69-487E-B876-B2DEED2BB345}"
EndProject
Project("{FAE04EC0-301F-11D3-BF4B-00C04F79EFBC}") = "Tyuiu.PasechnikPA1.Sprint2.Task2.V21.Test", "Tyuiu.PasechnikPA1.Sprint2.Task2.V21.Test\Tyuiu.PasechnikPA1.Sprint2.Task2.V21.Test.csproj", "{8AF8B7DE-8AF3-4AF5-849B-5CECA0CB846B}"
EndProject
Project("{2150E333-8FDC-42A3-9474-1A3956D46DE8}") = "Task3", "Task3", "{E1C6A924-6C5C-4F4A-BEC9-9182D278F93F}"
EndProject
Project("{FAE04EC0-301F-11D3-BF4B-00C04F79EFBC}") = "Tyuiu.PasechnikPA1.Sprint2.Task3.V11", "Tyuiu.PasechnikPA1.Sprint2.Task3.V11\Tyuiu.PasechnikPA1.Sprint2.Task3.V11.csproj", "{A3B2DF59-259D-477B-B3B0-F738BD1C7A70}"
EndProject
Project("{FAE04EC0-301F-11D3-BF4B-00C04F79EFBC}") = "Tyuiu.PasechnikPA1.Sprint2.Task3.V11.Lib", "Tyuiu.PasechnikPA1.Sprint2.Task3.V11.Lib\Tyuiu.PasechnikPA1.Sprint2.Task3.V11.Lib.csproj", "{57A9BB83-0F57-43C0-B0D5-3323BD6C230D}"
EndProject
Project("{FAE04EC0-301F-11D3-BF4B-00C04F79EFBC}") = "Tyuiu.PasechnikPA1.Sprint2.Task3.V11.Test", "Tyuiu.PasechnikPA1.Sprint2.Task3.V11.Test\Tyuiu.PasechnikPA1.Sprint2.Task3.V11.Test.csproj", "{DFFFB75E-95EA-41A3-81E3-0C5CF2CEBD37}"
EndProject
Project("{2150E333-8FDC-42A3-9474-1A3956D46DE8}") = "Task4", "Task4", "{0C0BBBB0-8600-4E76-AA18-03BC8B12FA26}"
EndProject
Project("{FAE04EC0-301F-11D3-BF4B-00C04F79EFBC}") = "Tyuiu.PasechnikPA1.Sprint2.Task4.V14", "Tyuiu.PasechnikPA1.Sprint2.Task4.V14\Tyuiu.PasechnikPA1.Sprint2.Task4.V14.csproj", "{0C3C92AB-85DF-43E7-8DDD-29C182E53379}"
EndProject
Project("{FAE04EC0-301F-11D3-BF4B-00C04F79EFBC}") = "Tyuiu.PasechnikPA1.Sprint2.Task4.V14.Lib", "Tyuiu.PasechnikPA1.Sprint2.Task4.V14.Lib\Tyuiu.PasechnikPA1.Sprint2.Task4.V14.Lib.csproj", "{06035E7F-1901-438F-8059-FA11B7CAEA1F}"
EndProject
Project("{FAE04EC0-301F-11D3-BF4B-00C04F79EFBC}") = "Tyuiu.PasechnikPA1.Sprint2.Task4.V14.Test", "Tyuiu.PasechnikPA1.Sprint2.Task4.V14.Test\Tyuiu.PasechnikPA1.Sprint2.Task4.V14.Test.csproj", "{B184755A-37D0-4CDE-A138-F1AFA93595D5}"
EndProject
Project("{2150E333-8FDC-42A3-9474-1A3956D46DE8}") = "Task5", "Task5", "{16B5A1DE-8364-445F-9862-330B65C5E1C7}"
EndProject
Project("{FAE04EC0-301F-11D3-BF4B-00C04F79EFBC}") = "Tyuiu.PasechnikPA1.Sprint2.Task5.V13", "Tyuiu.PasechnikPA1.Sprint2.Task5.V13\Tyuiu.PasechnikPA1.Sprint2.Task5.V13.csproj", "{A499789A-86AB-4882-93EF-E14144608826}"
EndProject
Project("{FAE04EC0-301F-11D3-BF4B-00C04F79EFBC}") = "Tyuiu.PasechnikPA1.Sprint2.Task5.V13.Test", "Tyuiu.PasechnikPA1.Sprint2.Task5.V13.Test\Tyuiu.PasechnikPA1.Sprint2.Task5.V13.Test.csproj", "{9AD58B45-48C7-4907-A184-93B5151B4FF8}"
EndProject
Project("{2150E333-8FDC-42A3-9474-1A3956D46DE8}") = "Task6", "Task6", "{0E031B5F-F0F6-4D1C-B203-6CDA536A2BE9}"
EndProject
Project("{FAE04EC0-301F-11D3-BF4B-00C04F79EFBC}") = "Tyuiu.PasechnikPA1.Sprint2.Task6.V6", "Tyuiu.PasechnikPA1.Sprint2.Task6.V6\Tyuiu.PasechnikPA1.Sprint2.Task6.V6.csproj", "{72304729-62FE-41C3-AA4C-AC50EF9EE90B}"
EndProject
Project("{FAE04EC0-301F-11D3-BF4B-00C04F79EFBC}") = "Tyuiu.PasechnikPA1.Sprint2.Task6.V6.Test", "Tyuiu.PasechnikPA1.Sprint2.Task6.V6.Test\Tyuiu.PasechnikPA1.Sprint2.Task6.V6.Test.csproj", "{879BE0FF-A1DF-4DC3-8A0A-94E683387F27}"
EndProject
Project("{2150E333-8FDC-42A3-9474-1A3956D46DE8}") = "Task7", "Task7", "{13A30E2A-9423-4A68-BF3C-59A387808DDC}"
EndProject
Project("{FAE04EC0-301F-11D3-BF4B-00C04F79EFBC}") = "Tyuiu.PasechnikPA1.Sprint2.Task7.V8", "Tyuiu.PasechnikPA1.Sprint2.Task7.V8\Tyuiu.PasechnikPA1.Sprint2.Task7.V8.csproj", "{96084B8A-AF61-4337-97FD-C6264B6DE74A}"
EndProject
Project("{FAE04EC0-301F-11D3-BF4B-00C04F79EFBC}") = "Tyuiu.PasechnikPA1.Sprint2.Task7.V8.Test", "Tyuiu.PasechnikPA1.Sprint2.Task7.V8.Test\Tyuiu.PasechnikPA1.Sprint2.Task7.V8.Test.csproj", "{4BF6A9F6-426E-4A5D-A01B-0B108D6A2658}"
EndProject
Project("{FAE04EC0-301F-11D3-BF4B-00C04F79EFBC}") = "Tyuiu.PasechnikPA1.Sprint2.Task7.V8.Lib", "Tyuiu.PasechnikPA1.Sprint2.Task7.V8.Lib\Tyuiu.PasechnikPA1.Sprint2.Task7.V8.Lib.csproj", "{0B90E2B2-168E-4522-A0CD-5A2229A5BD91}"
EndProject
Project("{FAE04EC0-301F-11D3-BF4B-00C04F79EFBC}") = "Tyuiu.PasechnikPA1.Sprint2.Task5.V13.Lib", "Tyuiu.PasechnikPA1.Sprint2.Task5.V13.Lib\Tyuiu.PasechnikPA1.Sprint2.Task5.V13.Lib.csproj", "{E17CAE19-C949-49BF-BA16-80B70F92937F}"
EndProject
Project("{FAE04EC0-301F-11D3-BF4B-00C04F79EFBC}") = "Tyuiu.PasechnikPA1.Sprint2.Task6.V6.Lib", "Tyuiu.PasechnikPA1.Sprint2.Task6.V6.Lib\Tyuiu.PasechnikPA1.Sprint2.Task6.V6.Lib.csproj", "{87AA4F90-6808-4BBE-BDF5-0C143D99A517}"
EndProject
Global
	GlobalSection(SolutionConfigurationPlatforms) = preSolution
		Debug|Any CPU = Debug|Any CPU
		Release|Any CPU = Release|Any CPU
	EndGlobalSection
	GlobalSection(ProjectConfigurationPlatforms) = postSolution
		{5B3E502A-1399-44F2-AB44-CDA2145646C3}.Debug|Any CPU.ActiveCfg = Debug|Any CPU
		{5B3E502A-1399-44F2-AB44-CDA2145646C3}.Debug|Any CPU.Build.0 = Debug|Any CPU
		{5B3E502A-1399-44F2-AB44-CDA2145646C3}.Release|Any CPU.ActiveCfg = Release|Any CPU
		{5B3E502A-1399-44F2-AB44-CDA2145646C3}.Release|Any CPU.Build.0 = Release|Any CPU
		{070FDF67-0856-479D-9636-6F528E8AB7F7}.Debug|Any CPU.ActiveCfg = Debug|Any CPU
		{070FDF67-0856-479D-9636-6F528E8AB7F7}.Debug|Any CPU.Build.0 = Debug|Any CPU
		{070FDF67-0856-479D-9636-6F528E8AB7F7}.Release|Any CPU.ActiveCfg = Release|Any CPU
		{070FDF67-0856-479D-9636-6F528E8AB7F7}.Release|Any CPU.Build.0 = Release|Any CPU
		{79C161DC-E9E1-4136-9914-0DF6FB95374C}.Debug|Any CPU.ActiveCfg = Debug|Any CPU
		{79C161DC-E9E1-4136-9914-0DF6FB95374C}.Debug|Any CPU.Build.0 = Debug|Any CPU
		{79C161DC-E9E1-4136-9914-0DF6FB95374C}.Release|Any CPU.ActiveCfg = Release|Any CPU
		{79C161DC-E9E1-4136-9914-0DF6FB95374C}.Release|Any CPU.Build.0 = Release|Any CPU
		{D7D80ACD-715A-45B8-A126-D0E2C33FE4B9}.Debug|Any CPU.ActiveCfg = Debug|Any CPU
		{D7D80ACD-715A-45B8-A126-D0E2C33FE4B9}.Debug|Any CPU.Build.0 = Debug|Any CPU
		{D7D80ACD-715A-45B8-A126-D0E2C33FE4B9}.Release|Any CPU.ActiveCfg = Release|Any CPU
		{D7D80ACD-715A-45B8-A126-D0E2C33FE4B9}.Release|Any CPU.Build.0 = Release|Any CPU
		{B0B3EFA8-3073-4FDB-A4D9-1C3467CCE6ED}.Debug|Any CPU.ActiveCfg = Debug|Any CPU
		{B0B3EFA8-3073-4FDB-A4D9-1C3467CCE6ED}.Debug|Any CPU.Build.0 = Debug|Any CPU
		{B0B3EFA8-3073-4FDB-A4D9-1C3467CCE6ED}.Release|Any CPU.ActiveCfg = Release|Any CPU
		{B0B3EFA8-3073-4FDB-A4D9-1C3467CCE6ED}.Release|Any CPU.Build.0 = Release|Any CPU
		{6080EB85-7F8F-4B73-B50B-B234C4635AFB}.Debug|Any CPU.ActiveCfg = Debug|Any CPU
		{6080EB85-7F8F-4B73-B50B-B234C4635AFB}.Debug|Any CPU.Build.0 = Debug|Any CPU
		{6080EB85-7F8F-4B73-B50B-B234C4635AFB}.Release|Any CPU.ActiveCfg = Release|Any CPU
		{6080EB85-7F8F-4B73-B50B-B234C4635AFB}.Release|Any CPU.Build.0 = Release|Any CPU
		{DD80683F-1E5B-4693-AD2E-13DBCBDF631D}.Debug|Any CPU.ActiveCfg = Debug|Any CPU
		{DD80683F-1E5B-4693-AD2E-13DBCBDF631D}.Debug|Any CPU.Build.0 = Debug|Any CPU
		{DD80683F-1E5B-4693-AD2E-13DBCBDF631D}.Release|Any CPU.ActiveCfg = Release|Any CPU
		{DD80683F-1E5B-4693-AD2E-13DBCBDF631D}.Release|Any CPU.Build.0 = Release|Any CPU
		{89B25A12-BD69-487E-B876-B2DEED2BB345}.Debug|Any CPU.ActiveCfg = Debug|Any CPU
		{89B25A12-BD69-487E-B876-B2DEED2BB345}.Debug|Any CPU.Build.0 = Debug|Any CPU
		{89B25A12-BD69-487E-B876-B2DEED2BB345}.Release|Any CPU.ActiveCfg = Release|Any CPU
		{89B25A12-BD69-487E-B876-B2DEED2BB345}.Release|Any CPU.Build.0 = Release|Any CPU
		{8AF8B7DE-8AF3-4AF5-849B-5CECA0CB846B}.Debug|Any CPU.ActiveCfg = Debug|Any CPU
		{8AF8B7DE-8AF3-4AF5-849B-5CECA0CB846B}.Debug|Any CPU.Build.0 = Debug|Any CPU
		{8AF8B7DE-8AF3-4AF5-849B-5CECA0CB846B}.Release|Any CPU.ActiveCfg = Release|Any CPU
		{8AF8B7DE-8AF3-4AF5-849B-5CECA0CB846B}.Release|Any CPU.Build.0 = Release|Any CPU
		{A3B2DF59-259D-477B-B3B0-F738BD1C7A70}.Debug|Any CPU.ActiveCfg = Debug|Any CPU
		{A3B2DF59-259D-477B-B3B0-F738BD1C7A70}.Debug|Any CPU.Build.0 = Debug|Any CPU
		{A3B2DF59-259D-477B-B3B0-F738BD1C7A70}.Release|Any CPU.ActiveCfg = Release|Any CPU
		{A3B2DF59-259D-477B-B3B0-F738BD1C7A70}.Release|Any CPU.Build.0 = Release|Any CPU
		{57A9BB83-0F57-43C0-B0D5-3323BD6C230D}.Debug|Any CPU.ActiveCfg = Debug|Any CPU
		{57A9BB83-0F57-43C0-B0D5-3323BD6C230D}.Debug|Any CPU.Build.0 = Debug|Any CPU
		{57A9BB83-0F57-43C0-B0D5-3323BD6C230D}.Release|Any CPU.ActiveCfg = Release|Any CPU
		{57A9BB83-0F57-43C0-B0D5-3323BD6C230D}.Release|Any CPU.Build.0 = Release|Any CPU
		{DFFFB75E-95EA-41A3-81E3-0C5CF2CEBD37}.Debug|Any CPU.ActiveCfg = Debug|Any CPU
		{DFFFB75E-95EA-41A3-81E3-0C5CF2CEBD37}.Debug|Any CPU.Build.0 = Debug|Any CPU
		{DFFFB75E-95EA-41A3-81E3-0C5CF2CEBD37}.Release|Any CPU.ActiveCfg = Release|Any CPU
		{DFFFB75E-95EA-41A3-81E3-0C5CF2CEBD37}.Release|Any CPU.Build.0 = Release|Any CPU
		{0C3C92AB-85DF-43E7-8DDD-29C182E53379}.Debug|Any CPU.ActiveCfg = Debug|Any CPU
		{0C3C92AB-85DF-43E7-8DDD-29C182E53379}.Debug|Any CPU.Build.0 = Debug|Any CPU
		{0C3C92AB-85DF-43E7-8DDD-29C182E53379}.Release|Any CPU.ActiveCfg = Release|Any CPU
		{0C3C92AB-85DF-43E7-8DDD-29C182E53379}.Release|Any CPU.Build.0 = Release|Any CPU
		{06035E7F-1901-438F-8059-FA11B7CAEA1F}.Debug|Any CPU.ActiveCfg = Debug|Any CPU
		{06035E7F-1901-438F-8059-FA11B7CAEA1F}.Debug|Any CPU.Build.0 = Debug|Any CPU
		{06035E7F-1901-438F-8059-FA11B7CAEA1F}.Release|Any CPU.ActiveCfg = Release|Any CPU
		{06035E7F-1901-438F-8059-FA11B7CAEA1F}.Release|Any CPU.Build.0 = Release|Any CPU
		{B184755A-37D0-4CDE-A138-F1AFA93595D5}.Debug|Any CPU.ActiveCfg = Debug|Any CPU
		{B184755A-37D0-4CDE-A138-F1AFA93595D5}.Debug|Any CPU.Build.0 = Debug|Any CPU
		{B184755A-37D0-4CDE-A138-F1AFA93595D5}.Release|Any CPU.ActiveCfg = Release|Any CPU
		{B184755A-37D0-4CDE-A138-F1AFA93595D5}.Release|Any CPU.Build.0 = Release|Any CPU
		{A499789A-86AB-4882-93EF-E14144608826}.Debug|Any CPU.ActiveCfg = Debug|Any CPU
		{A499789A-86AB-4882-93EF-E14144608826}.Debug|Any CPU.Build.0 = Debug|Any CPU
		{A499789A-86AB-4882-93EF-E14144608826}.Release|Any CPU.ActiveCfg = Release|Any CPU
		{A499789A-86AB-4882-93EF-E14144608826}.Release|Any CPU.Build.0 = Release|Any CPU
		{9AD58B45-48C7-4907-A184-93B5151B4FF8}.Debug|Any CPU.ActiveCfg = Debug|Any CPU
		{9AD58B45-48C7-4907-A184-93B5151B4FF8}.Debug|Any CPU.Build.0 = Debug|Any CPU
		{9AD58B45-48C7-4907-A184-93B5151B4FF8}.Release|Any CPU.ActiveCfg = Release|Any CPU
		{9AD58B45-48C7-4907-A184-93B5151B4FF8}.Release|Any CPU.Build.0 = Release|Any CPU
		{72304729-62FE-41C3-AA4C-AC50EF9EE90B}.Debug|Any CPU.ActiveCfg = Debug|Any CPU
		{72304729-62FE-41C3-AA4C-AC50EF9EE90B}.Debug|Any CPU.Build.0 = Debug|Any CPU
		{72304729-62FE-41C3-AA4C-AC50EF9EE90B}.Release|Any CPU.ActiveCfg = Release|Any CPU
		{72304729-62FE-41C3-AA4C-AC50EF9EE90B}.Release|Any CPU.Build.0 = Release|Any CPU
		{879BE0FF-A1DF-4DC3-8A0A-94E683387F27}.Debug|Any CPU.ActiveCfg = Debug|Any CPU
		{879BE0FF-A1DF-4DC3-8A0A-94E683387F27}.Debug|Any CPU.Build.0 = Debug|Any CPU
		{879BE0FF-A1DF-4DC3-8A0A-94E683387F27}.Release|Any CPU.ActiveCfg = Release|Any CPU
		{879BE0FF-A1DF-4DC3-8A0A-94E683387F27}.Release|Any CPU.Build.0 = Release|Any CPU
		{96084B8A-AF61-4337-97FD-C6264B6DE74A}.Debug|Any CPU.ActiveCfg = Debug|Any CPU
		{96084B8A-AF61-4337-97FD-C6264B6DE74A}.Debug|Any CPU.Build.0 = Debug|Any CPU
		{96084B8A-AF61-4337-97FD-C6264B6DE74A}.Release|Any CPU.ActiveCfg = Release|Any CPU
		{96084B8A-AF61-4337-97FD-C6264B6DE74A}.Release|Any CPU.Build.0 = Release|Any CPU
		{4BF6A9F6-426E-4A5D-A01B-0B108D6A2658}.Debug|Any CPU.ActiveCfg = Debug|Any CPU
		{4BF6A9F6-426E-4A5D-A01B-0B108D6A2658}.Debug|Any CPU.Build.0 = Debug|Any CPU
		{4BF6A9F6-426E-4A5D-A01B-0B108D6A2658}.Release|Any CPU.ActiveCfg = Release|Any CPU
		{4BF6A9F6-426E-4A5D-A01B-0B108D6A2658}.Release|Any CPU.Build.0 = Release|Any CPU
		{0B90E2B2-168E-4522-A0CD-5A2229A5BD91}.Debug|Any CPU.ActiveCfg = Debug|Any CPU
		{0B90E2B2-168E-4522-A0CD-5A2229A5BD91}.Debug|Any CPU.Build.0 = Debug|Any CPU
		{0B90E2B2-168E-4522-A0CD-5A2229A5BD91}.Release|Any CPU.ActiveCfg = Release|Any CPU
		{0B90E2B2-168E-4522-A0CD-5A2229A5BD91}.Release|Any CPU.Build.0 = Release|Any CPU
		{E17CAE19-C949-49BF-BA16-80B70F92937F}.Debug|Any CPU.ActiveCfg = Debug|Any CPU
		{E17CAE19-C949-49BF-BA16-80B70F92937F}.Debug|Any CPU.Build.0 = Debug|Any CPU
		{E17CAE19-C949-49BF-BA16-80B70F92937F}.Release|Any CPU.ActiveCfg = Release|Any CPU
		{E17CAE19-C949-49BF-BA16-80B70F92937F}.Release|Any CPU.Build.0 = Release|Any CPU
		{87AA4F90-6808-4BBE-BDF5-0C143D99A517}.Debug|Any CPU.ActiveCfg = Debug|Any CPU
		{87AA4F90-6808-4BBE-BDF5-0C143D99A517}.Debug|Any CPU.Build.0 = Debug|Any CPU
		{87AA4F90-6808-4BBE-BDF5-0C143D99A517}.Release|Any CPU.ActiveCfg = Release|Any CPU
		{87AA4F90-6808-4BBE-BDF5-0C143D99A517}.Release|Any CPU.Build.0 = Release|Any CPU
	EndGlobalSection
	GlobalSection(SolutionProperties) = preSolution
		HideSolutionNode = FALSE
	EndGlobalSection
	GlobalSection(NestedProjects) = preSolution
		{5B3E502A-1399-44F2-AB44-CDA2145646C3} = {1F84DC55-5E95-40CC-B9C6-5AEC180D8963}
		{070FDF67-0856-479D-9636-6F528E8AB7F7} = {1F84DC55-5E95-40CC-B9C6-5AEC180D8963}
		{79C161DC-E9E1-4136-9914-0DF6FB95374C} = {1F84DC55-5E95-40CC-B9C6-5AEC180D8963}
		{D7D80ACD-715A-45B8-A126-D0E2C33FE4B9} = {0103D952-B490-408E-9A7A-242A8A65E6A4}
		{B0B3EFA8-3073-4FDB-A4D9-1C3467CCE6ED} = {0103D952-B490-408E-9A7A-242A8A65E6A4}
		{6080EB85-7F8F-4B73-B50B-B234C4635AFB} = {0103D952-B490-408E-9A7A-242A8A65E6A4}
		{DD80683F-1E5B-4693-AD2E-13DBCBDF631D} = {19730438-CD07-43AE-BED3-5069FC89259E}
		{89B25A12-BD69-487E-B876-B2DEED2BB345} = {19730438-CD07-43AE-BED3-5069FC89259E}
		{8AF8B7DE-8AF3-4AF5-849B-5CECA0CB846B} = {19730438-CD07-43AE-BED3-5069FC89259E}
		{A3B2DF59-259D-477B-B3B0-F738BD1C7A70} = {E1C6A924-6C5C-4F4A-BEC9-9182D278F93F}
		{57A9BB83-0F57-43C0-B0D5-3323BD6C230D} = {E1C6A924-6C5C-4F4A-BEC9-9182D278F93F}
		{DFFFB75E-95EA-41A3-81E3-0C5CF2CEBD37} = {E1C6A924-6C5C-4F4A-BEC9-9182D278F93F}
		{0C3C92AB-85DF-43E7-8DDD-29C182E53379} = {0C0BBBB0-8600-4E76-AA18-03BC8B12FA26}
		{06035E7F-1901-438F-8059-FA11B7CAEA1F} = {0C0BBBB0-8600-4E76-AA18-03BC8B12FA26}
		{B184755A-37D0-4CDE-A138-F1AFA93595D5} = {0C0BBBB0-8600-4E76-AA18-03BC8B12FA26}
		{A499789A-86AB-4882-93EF-E14144608826} = {16B5A1DE-8364-445F-9862-330B65C5E1C7}
		{9AD58B45-48C7-4907-A184-93B5151B4FF8} = {16B5A1DE-8364-445F-9862-330B65C5E1C7}
		{72304729-62FE-41C3-AA4C-AC50EF9EE90B} = {0E031B5F-F0F6-4D1C-B203-6CDA536A2BE9}
		{879BE0FF-A1DF-4DC3-8A0A-94E683387F27} = {0E031B5F-F0F6-4D1C-B203-6CDA536A2BE9}
		{96084B8A-AF61-4337-97FD-C6264B6DE74A} = {13A30E2A-9423-4A68-BF3C-59A387808DDC}
		{4BF6A9F6-426E-4A5D-A01B-0B108D6A2658} = {13A30E2A-9423-4A68-BF3C-59A387808DDC}
		{0B90E2B2-168E-4522-A0CD-5A2229A5BD91} = {13A30E2A-9423-4A68-BF3C-59A387808DDC}
		{E17CAE19-C949-49BF-BA16-80B70F92937F} = {16B5A1DE-8364-445F-9862-330B65C5E1C7}
		{87AA4F90-6808-4BBE-BDF5-0C143D99A517} = {0E031B5F-F0F6-4D1C-B203-6CDA536A2BE9}
	EndGlobalSection
EndGlobal
